{
  "name": "@corefw/core-microservices",
  "version": "5.0.0",
  "lockfileVersion": 1,
  "requires": true,
  "dependencies": {
    "@corefw/core-common": {
      "version": "5.0.0",
      "requires": {
        "aws-sdk": "2.182.0",
        "bluebird": "3.5.1",
        "chalk": "1.1.3",
        "eyes": "0.1.8",
        "jsonwebtoken": "7.4.3",
        "lodash": "4.17.4",
        "lodash-inflection": "1.5.0",
        "moment": "2.20.1",
        "mysql2": "1.5.1",
        "redis": "2.8.0",
        "requireindex": "1.1.0",
        "sequelize": "github:vmadman/sequelize#ba5076745bdb3d6eb6b7bd7f4f1e20419e9ca83b",
        "tipe": "0.1.12",
        "tv4": "1.3.0",
        "uuid": "3.1.0",
        "verror": "1.10.0"
      },
      "dependencies": {
        "@types/geojson": {
          "version": "1.0.6",
          "bundled": true
        },
        "@types/node": {
          "version": "9.3.0",
          "bundled": true
        },
        "ansi-regex": {
          "version": "2.1.1",
          "bundled": true
        },
        "ansi-styles": {
          "version": "2.2.1",
          "bundled": true
        },
        "ansicolors": {
          "version": "0.2.1",
          "bundled": true
        },
        "assert-plus": {
          "version": "1.0.0",
          "bundled": true
        },
        "aws-sdk": {
          "version": "2.182.0",
          "bundled": true,
          "requires": {
            "buffer": "4.9.1",
            "create-hash": "1.1.3",
            "create-hmac": "1.1.6",
            "events": "1.1.1",
            "jmespath": "0.15.0",
            "querystring": "0.2.0",
            "sax": "1.2.1",
            "url": "0.10.3",
            "uuid": "3.1.0",
            "xml2js": "0.4.17",
            "xmlbuilder": "4.2.1"
          }
        },
        "base64-js": {
          "version": "1.2.1",
          "bundled": true
        },
        "base64url": {
          "version": "2.0.0",
          "bundled": true
        },
        "bluebird": {
          "version": "3.5.1",
          "bundled": true
        },
        "buffer": {
          "version": "4.9.1",
          "bundled": true,
          "requires": {
            "base64-js": "1.2.1",
            "ieee754": "1.1.8",
            "isarray": "1.0.0"
          }
        },
        "buffer-equal-constant-time": {
          "version": "1.0.1",
          "bundled": true
        },
        "cardinal": {
          "version": "1.0.0",
          "bundled": true,
          "requires": {
            "ansicolors": "0.2.1",
            "redeyed": "1.0.1"
          }
        },
        "chalk": {
          "version": "1.1.3",
          "bundled": true,
          "requires": {
            "ansi-styles": "2.2.1",
            "escape-string-regexp": "1.0.5",
            "has-ansi": "2.0.0",
            "strip-ansi": "3.0.1",
            "supports-color": "2.0.0"
          }
        },
        "cipher-base": {
          "version": "1.0.4",
          "bundled": true,
          "requires": {
            "inherits": "2.0.3",
            "safe-buffer": "5.1.1"
          }
        },
        "cls-bluebird": {
          "version": "2.1.0",
          "bundled": true,
          "requires": {
            "is-bluebird": "1.0.2",
            "shimmer": "1.2.0"
          }
        },
        "core-util-is": {
          "version": "1.0.2",
          "bundled": true
        },
        "create-hash": {
          "version": "1.1.3",
          "bundled": true,
          "requires": {
            "cipher-base": "1.0.4",
            "inherits": "2.0.3",
            "ripemd160": "2.0.1",
            "sha.js": "2.4.9"
          }
        },
        "create-hmac": {
          "version": "1.1.6",
          "bundled": true,
          "requires": {
            "cipher-base": "1.0.4",
            "create-hash": "1.1.3",
            "inherits": "2.0.3",
            "ripemd160": "2.0.1",
            "safe-buffer": "5.1.1",
            "sha.js": "2.4.9"
          }
        },
        "debug": {
          "version": "3.1.0",
          "bundled": true,
          "requires": {
            "ms": "2.0.0"
          },
          "dependencies": {
            "ms": {
              "version": "2.0.0",
              "bundled": true
            }
          }
        },
        "denque": {
          "version": "1.2.2",
          "bundled": true
        },
        "depd": {
          "version": "1.1.2",
          "bundled": true
        },
        "dottie": {
          "version": "2.0.0",
          "bundled": true
        },
        "double-ended-queue": {
          "version": "2.1.0-0",
          "bundled": true
        },
        "ecdsa-sig-formatter": {
          "version": "1.0.9",
          "bundled": true,
          "requires": {
            "base64url": "2.0.0",
            "safe-buffer": "5.1.1"
          }
        },
        "escape-string-regexp": {
          "version": "1.0.5",
          "bundled": true
        },
        "esprima": {
          "version": "3.0.0",
          "bundled": true
        },
        "events": {
          "version": "1.1.1",
          "bundled": true
        },
        "extsprintf": {
          "version": "1.4.0",
          "bundled": true
        },
        "eyes": {
          "version": "0.1.8",
          "bundled": true
        },
        "generate-function": {
          "version": "2.0.0",
          "bundled": true
        },
        "generic-pool": {
          "version": "3.4.0",
          "bundled": true
        },
        "has-ansi": {
          "version": "2.0.0",
          "bundled": true,
          "requires": {
            "ansi-regex": "2.1.1"
          }
        },
        "hash-base": {
          "version": "2.0.2",
          "bundled": true,
          "requires": {
            "inherits": "2.0.3"
          }
        },
        "hoek": {
          "version": "2.16.3",
          "bundled": true
        },
        "iconv-lite": {
          "version": "0.4.19",
          "bundled": true
        },
        "ieee754": {
          "version": "1.1.8",
          "bundled": true
        },
        "inflection": {
          "version": "1.12.0",
          "bundled": true
        },
        "inherits": {
          "version": "2.0.3",
          "bundled": true
        },
        "is-bluebird": {
          "version": "1.0.2",
          "bundled": true
        },
        "isarray": {
          "version": "1.0.0",
          "bundled": true
        },
        "isemail": {
          "version": "1.2.0",
          "bundled": true
        },
        "jmespath": {
          "version": "0.15.0",
          "bundled": true
        },
        "joi": {
          "version": "6.10.1",
          "bundled": true,
          "requires": {
            "hoek": "2.16.3",
            "isemail": "1.2.0",
            "moment": "2.20.1",
            "topo": "1.1.0"
          }
        },
        "jsonwebtoken": {
          "version": "7.4.3",
          "bundled": true,
          "requires": {
            "joi": "6.10.1",
            "jws": "3.1.4",
            "lodash.once": "4.1.1",
            "ms": "2.1.1",
            "xtend": "4.0.1"
          }
        },
        "jwa": {
          "version": "1.1.5",
          "bundled": true,
          "requires": {
            "base64url": "2.0.0",
            "buffer-equal-constant-time": "1.0.1",
            "ecdsa-sig-formatter": "1.0.9",
            "safe-buffer": "5.1.1"
          }
        },
        "jws": {
          "version": "3.1.4",
          "bundled": true,
          "requires": {
            "base64url": "2.0.0",
            "jwa": "1.1.5",
            "safe-buffer": "5.1.1"
          }
        },
        "lodash": {
          "version": "4.17.4",
          "bundled": true
        },
        "lodash-inflection": {
          "version": "1.5.0",
          "bundled": true
        },
        "lodash.once": {
          "version": "4.1.1",
          "bundled": true
        },
        "long": {
          "version": "3.2.0",
          "bundled": true
        },
        "lru-cache": {
          "version": "4.1.1",
          "bundled": true,
          "requires": {
            "pseudomap": "1.0.2",
            "yallist": "2.1.2"
          }
        },
        "moment": {
          "version": "2.20.1",
          "bundled": true
        },
        "moment-timezone": {
          "version": "0.5.14",
          "bundled": true,
          "requires": {
            "moment": "2.20.1"
          }
        },
        "ms": {
          "version": "2.1.1",
          "bundled": true
        },
        "mysql2": {
          "version": "1.5.1",
          "bundled": true,
          "requires": {
            "cardinal": "1.0.0",
            "denque": "1.2.2",
            "generate-function": "2.0.0",
            "iconv-lite": "0.4.19",
            "long": "3.2.0",
            "lru-cache": "4.1.1",
            "named-placeholders": "1.1.1",
            "object-assign": "4.1.1",
            "readable-stream": "2.3.2",
            "safe-buffer": "5.1.1",
            "seq-queue": "0.0.5",
            "sqlstring": "2.3.0"
          }
        },
        "named-placeholders": {
          "version": "1.1.1",
          "bundled": true,
          "requires": {
            "lru-cache": "2.5.0"
          },
          "dependencies": {
            "lru-cache": {
              "version": "2.5.0",
              "bundled": true
            }
          }
        },
        "object-assign": {
          "version": "4.1.1",
          "bundled": true
        },
        "process-nextick-args": {
          "version": "1.0.7",
          "bundled": true
        },
        "pseudomap": {
          "version": "1.0.2",
          "bundled": true
        },
        "punycode": {
          "version": "1.3.2",
          "bundled": true
        },
        "querystring": {
          "version": "0.2.0",
          "bundled": true
        },
        "readable-stream": {
          "version": "2.3.2",
          "bundled": true,
          "requires": {
            "core-util-is": "1.0.2",
            "inherits": "2.0.3",
            "isarray": "1.0.0",
            "process-nextick-args": "1.0.7",
            "safe-buffer": "5.1.1",
            "string_decoder": "1.0.3",
            "util-deprecate": "1.0.2"
          }
        },
        "redeyed": {
          "version": "1.0.1",
          "bundled": true,
          "requires": {
            "esprima": "3.0.0"
          }
        },
        "redis": {
          "version": "2.8.0",
          "bundled": true,
          "requires": {
            "double-ended-queue": "2.1.0-0",
            "redis-commands": "1.3.1",
            "redis-parser": "2.6.0"
          }
        },
        "redis-commands": {
          "version": "1.3.1",
          "bundled": true
        },
        "redis-parser": {
          "version": "2.6.0",
          "bundled": true
        },
        "requireindex": {
          "version": "1.1.0",
          "bundled": true
        },
        "retry-as-promised": {
          "version": "2.3.2",
          "bundled": true,
          "requires": {
            "bluebird": "3.5.1",
            "debug": "2.6.9"
          },
          "dependencies": {
            "debug": {
              "version": "2.6.9",
              "bundled": true,
              "requires": {
                "ms": "2.0.0"
              }
            },
            "ms": {
              "version": "2.0.0",
              "bundled": true
            }
          }
        },
        "ripemd160": {
          "version": "2.0.1",
          "bundled": true,
          "requires": {
            "hash-base": "2.0.2",
            "inherits": "2.0.3"
          }
        },
        "safe-buffer": {
          "version": "5.1.1",
          "bundled": true
        },
        "sax": {
          "version": "1.2.1",
          "bundled": true
        },
        "semver": {
          "version": "5.5.0",
          "bundled": true
        },
        "seq-queue": {
          "version": "0.0.5",
          "bundled": true
        },
        "sequelize": {
          "version": "github:vmadman/sequelize#ba5076745bdb3d6eb6b7bd7f4f1e20419e9ca83b",
          "bundled": true,
          "requires": {
            "bluebird": "3.5.1",
            "cls-bluebird": "2.1.0",
            "debug": "3.1.0",
            "depd": "1.1.2",
            "dottie": "2.0.0",
            "generic-pool": "3.4.0",
            "inflection": "1.12.0",
            "lodash": "4.17.4",
            "moment": "2.20.1",
            "moment-timezone": "0.5.14",
            "retry-as-promised": "2.3.2",
            "semver": "5.5.0",
            "terraformer-wkt-parser": "1.1.2",
            "toposort-class": "1.0.1",
            "uuid": "3.1.0",
            "validator": "8.2.0",
            "wkx": "0.4.2"
          }
        },
        "sha.js": {
          "version": "2.4.9",
          "bundled": true,
          "requires": {
            "inherits": "2.0.3",
            "safe-buffer": "5.1.1"
          }
        },
        "shimmer": {
          "version": "1.2.0",
          "bundled": true
        },
        "sqlstring": {
          "version": "2.3.0",
          "bundled": true
        },
        "string_decoder": {
          "version": "1.0.3",
          "bundled": true,
          "requires": {
            "safe-buffer": "5.1.1"
          }
        },
        "strip-ansi": {
          "version": "3.0.1",
          "bundled": true,
          "requires": {
            "ansi-regex": "2.1.1"
          }
        },
        "supports-color": {
          "version": "2.0.0",
          "bundled": true
        },
        "terraformer": {
          "version": "1.0.8",
          "bundled": true,
          "requires": {
            "@types/geojson": "1.0.6"
          }
        },
        "terraformer-wkt-parser": {
          "version": "1.1.2",
          "bundled": true,
          "requires": {
            "terraformer": "1.0.8"
          }
        },
        "tipe": {
          "version": "0.1.12",
          "bundled": true
        },
        "topo": {
          "version": "1.1.0",
          "bundled": true,
          "requires": {
            "hoek": "2.16.3"
          }
        },
        "toposort-class": {
          "version": "1.0.1",
          "bundled": true
        },
        "tv4": {
          "version": "1.3.0",
          "bundled": true
        },
        "url": {
          "version": "0.10.3",
          "bundled": true,
          "requires": {
            "punycode": "1.3.2",
            "querystring": "0.2.0"
          }
        },
        "util-deprecate": {
          "version": "1.0.2",
          "bundled": true
        },
        "uuid": {
          "version": "3.1.0",
          "bundled": true
        },
        "validator": {
          "version": "8.2.0",
          "bundled": true
        },
        "verror": {
          "version": "1.10.0",
          "bundled": true,
          "requires": {
            "assert-plus": "1.0.0",
            "core-util-is": "1.0.2",
            "extsprintf": "1.4.0"
          }
        },
        "wkx": {
          "version": "0.4.2",
          "bundled": true,
          "requires": {
            "@types/node": "9.3.0"
          }
        },
        "xml2js": {
          "version": "0.4.17",
          "bundled": true,
          "requires": {
            "sax": "1.2.1",
            "xmlbuilder": "4.2.1"
          }
        },
        "xmlbuilder": {
          "version": "4.2.1",
          "bundled": true,
          "requires": {
            "lodash": "4.17.4"
          }
        },
        "xtend": {
          "version": "4.0.1",
          "bundled": true
        },
        "yallist": {
          "version": "2.1.2",
          "bundled": true
        }
      }
    },
    "requireindex": {
      "version": "1.1.0",
      "resolved": "https://registry.npmjs.org/requireindex/-/requireindex-1.1.0.tgz",
      "integrity": "sha1-5UBLgVV+91225JxacgBIk/4D4WI="
    }
  }
}
